// !$*UTF8*$!
{
	archiveVersion = 1;
	classes = {
	};
	objectVersion = 46;
	objects = {

/* Begin PBXBuildFile section */
		C84C15AF13586B71009345B2 /* OverlayViewController.m in Sources */ = {isa = PBXBuildFile; fileRef = C84C15AD13586B71009345B2 /* OverlayViewController.m */; };
		C84C15B013586B71009345B2 /* OverlayViewController.xib in Resources */ = {isa = PBXBuildFile; fileRef = C84C15AE13586B71009345B2 /* OverlayViewController.xib */; };
		C84C15BA135881AC009345B2 /* Greece.png in Resources */ = {isa = PBXBuildFile; fileRef = C84C15B2135881AC009345B2 /* Greece.png */; };
		C84C15BB135881AC009345B2 /* Greenland.png in Resources */ = {isa = PBXBuildFile; fileRef = C84C15B3135881AC009345B2 /* Greenland.png */; };
		C84C15BC135881AC009345B2 /* Iceland.png in Resources */ = {isa = PBXBuildFile; fileRef = C84C15B4135881AC009345B2 /* Iceland.png */; };
		C84C15BD135881AC009345B2 /* Ireland.png in Resources */ = {isa = PBXBuildFile; fileRef = C84C15B5135881AC009345B2 /* Ireland.png */; };
		C84C15BE135881AC009345B2 /* Italy.png in Resources */ = {isa = PBXBuildFile; fileRef = C84C15B6135881AC009345B2 /* Italy.png */; };
		C84C15BF135881AC009345B2 /* New Zealand.png in Resources */ = {isa = PBXBuildFile; fileRef = C84C15B7135881AC009345B2 /* New Zealand.png */; };
		C84C15C0135881AC009345B2 /* Norway.png in Resources */ = {isa = PBXBuildFile; fileRef = C84C15B8135881AC009345B2 /* Norway.png */; };
		C84C15C1135881AC009345B2 /* Switzerland.png in Resources */ = {isa = PBXBuildFile; fileRef = C84C15B9135881AC009345B2 /* Switzerland.png */; };
		C84C15C313588544009345B2 /* India.png in Resources */ = {isa = PBXBuildFile; fileRef = C84C15C213588544009345B2 /* India.png */; };
		C84C15C51358854B009345B2 /* United States.png in Resources */ = {isa = PBXBuildFile; fileRef = C84C15C41358854B009345B2 /* United States.png */; };
		C8E8997F13570AC0008EB40A /* UIKit.framework in Frameworks */ = {isa = PBXBuildFile; fileRef = C8E8997E13570AC0008EB40A /* UIKit.framework */; };
		C8E8998113570AC0008EB40A /* Foundation.framework in Frameworks */ = {isa = PBXBuildFile; fileRef = C8E8998013570AC0008EB40A /* Foundation.framework */; };
		C8E8998313570AC0008EB40A /* CoreGraphics.framework in Frameworks */ = {isa = PBXBuildFile; fileRef = C8E8998213570AC0008EB40A /* CoreGraphics.framework */; };
		C8E8998913570AC0008EB40A /* InfoPlist.strings in Resources */ = {isa = PBXBuildFile; fileRef = C8E8998713570AC0008EB40A /* InfoPlist.strings */; };
		C8E8998C13570AC0008EB40A /* main.m in Sources */ = {isa = PBXBuildFile; fileRef = C8E8998B13570AC0008EB40A /* main.m */; };
		C8E8998F13570AC0008EB40A /* TableViewAppDelegate.m in Sources */ = {isa = PBXBuildFile; fileRef = C8E8998E13570AC0008EB40A /* TableViewAppDelegate.m */; };
		C8E8999213570AC0008EB40A /* MainWindow.xib in Resources */ = {isa = PBXBuildFile; fileRef = C8E8999013570AC0008EB40A /* MainWindow.xib */; };
		C8E8999513570AC0008EB40A /* RootViewController.m in Sources */ = {isa = PBXBuildFile; fileRef = C8E8999413570AC0008EB40A /* RootViewController.m */; };
		C8E8999813570AC0008EB40A /* RootViewController.xib in Resources */ = {isa = PBXBuildFile; fileRef = C8E8999613570AC0008EB40A /* RootViewController.xib */; };
		C8E899A81357214C008EB40A /* DetailViewController.m in Sources */ = {isa = PBXBuildFile; fileRef = C8E899A61357214C008EB40A /* DetailViewController.m */; };
		C8E899A91357214C008EB40A /* DetailViewController.xib in Resources */ = {isa = PBXBuildFile; fileRef = C8E899A71357214C008EB40A /* DetailViewController.xib */; };
/* End PBXBuildFile section */

/* Begin PBXFileReference section */
		C84C15AC13586B71009345B2 /* OverlayViewController.h */ = {isa = PBXFileReference; fileEncoding = 4; lastKnownFileType = sourcecode.c.h; path = OverlayViewController.h; sourceTree = "<group>"; };
		C84C15AD13586B71009345B2 /* OverlayViewController.m */ = {isa = PBXFileReference; fileEncoding = 4; lastKnownFileType = sourcecode.c.objc; path = OverlayViewController.m; sourceTree = "<group>"; };
		C84C15AE13586B71009345B2 /* OverlayViewController.xib */ = {isa = PBXFileReference; fileEncoding = 4; lastKnownFileType = file.xib; path = OverlayViewController.xib; sourceTree = "<group>"; };
		C84C15B2135881AC009345B2 /* Greece.png */ = {isa = PBXFileReference; lastKnownFileType = image.png; path = Greece.png; sourceTree = "<group>"; };
		C84C15B3135881AC009345B2 /* Greenland.png */ = {isa = PBXFileReference; lastKnownFileType = image.png; path = Greenland.png; sourceTree = "<group>"; };
		C84C15B4135881AC009345B2 /* Iceland.png */ = {isa = PBXFileReference; lastKnownFileType = image.png; path = Iceland.png; sourceTree = "<group>"; };
		C84C15B5135881AC009345B2 /* Ireland.png */ = {isa = PBXFileReference; lastKnownFileType = image.png; path = Ireland.png; sourceTree = "<group>"; };
		C84C15B6135881AC009345B2 /* Italy.png */ = {isa = PBXFileReference; lastKnownFileType = image.png; path = Italy.png; sourceTree = "<group>"; };
		C84C15B7135881AC009345B2 /* New Zealand.png */ = {isa = PBXFileReference; lastKnownFileType = image.png; path = "New Zealand.png"; sourceTree = "<group>"; };
		C84C15B8135881AC009345B2 /* Norway.png */ = {isa = PBXFileReference; lastKnownFileType = image.png; path = Norway.png; sourceTree = "<group>"; };
		C84C15B9135881AC009345B2 /* Switzerland.png */ = {isa = PBXFileReference; lastKnownFileType = image.png; path = Switzerland.png; sourceTree = "<group>"; };
		C84C15C213588544009345B2 /* India.png */ = {isa = PBXFileReference; lastKnownFileType = image.png; path = India.png; sourceTree = "<group>"; };
		C84C15C41358854B009345B2 /* United States.png */ = {isa = PBXFileReference; lastKnownFileType = image.png; path = "United States.png"; sourceTree = "<group>"; };
		C8E8997A13570AC0008EB40A /* TableView.app */ = {isa = PBXFileReference; explicitFileType = wrapper.application; includeInIndex = 0; path = TableView.app; sourceTree = BUILT_PRODUCTS_DIR; };
		C8E8997E13570AC0008EB40A /* UIKit.framework */ = {isa = PBXFileReference; lastKnownFileType = wrapper.framework; name = UIKit.framework; path = System/Library/Frameworks/UIKit.framework; sourceTree = SDKROOT; };
		C8E8998013570AC0008EB40A /* Foundation.framework */ = {isa = PBXFileReference; lastKnownFileType = wrapper.framework; name = Foundation.framework; path = System/Library/Frameworks/Foundation.framework; sourceTree = SDKROOT; };
		C8E8998213570AC0008EB40A /* CoreGraphics.framework */ = {isa = PBXFileReference; lastKnownFileType = wrapper.framework; name = CoreGraphics.framework; path = System/Library/Frameworks/CoreGraphics.framework; sourceTree = SDKROOT; };
		C8E8998613570AC0008EB40A /* TableView-Info.plist */ = {isa = PBXFileReference; lastKnownFileType = text.plist.xml; path = "TableView-Info.plist"; sourceTree = "<group>"; };
		C8E8998813570AC0008EB40A /* en */ = {isa = PBXFileReference; lastKnownFileType = text.plist.strings; name = en; path = en.lproj/InfoPlist.strings; sourceTree = "<group>"; };
		C8E8998A13570AC0008EB40A /* TableView-Prefix.pch */ = {isa = PBXFileReference; lastKnownFileType = sourcecode.c.h; path = "TableView-Prefix.pch"; sourceTree = "<group>"; };
		C8E8998B13570AC0008EB40A /* main.m */ = {isa = PBXFileReference; lastKnownFileType = sourcecode.c.objc; path = main.m; sourceTree = "<group>"; };
		C8E8998D13570AC0008EB40A /* TableViewAppDelegate.h */ = {isa = PBXFileReference; lastKnownFileType = sourcecode.c.h; path = TableViewAppDelegate.h; sourceTree = "<group>"; };
		C8E8998E13570AC0008EB40A /* TableViewAppDelegate.m */ = {isa = PBXFileReference; lastKnownFileType = sourcecode.c.objc; path = TableViewAppDelegate.m; sourceTree = "<group>"; };
		C8E8999113570AC0008EB40A /* en */ = {isa = PBXFileReference; lastKnownFileType = file.xib; name = en; path = en.lproj/MainWindow.xib; sourceTree = "<group>"; };
		C8E8999313570AC0008EB40A /* RootViewController.h */ = {isa = PBXFileReference; lastKnownFileType = sourcecode.c.h; path = RootViewController.h; sourceTree = "<group>"; };
		C8E8999413570AC0008EB40A /* RootViewController.m */ = {isa = PBXFileReference; lastKnownFileType = sourcecode.c.objc; path = RootViewController.m; sourceTree = "<group>"; };
		C8E8999713570AC0008EB40A /* en */ = {isa = PBXFileReference; lastKnownFileType = file.xib; name = en; path = en.lproj/RootViewController.xib; sourceTree = "<group>"; };
		C8E899A51357214C008EB40A /* DetailViewController.h */ = {isa = PBXFileReference; fileEncoding = 4; lastKnownFileType = sourcecode.c.h; path = DetailViewController.h; sourceTree = "<group>"; };
		C8E899A61357214C008EB40A /* DetailViewController.m */ = {isa = PBXFileReference; fileEncoding = 4; lastKnownFileType = sourcecode.c.objc; path = DetailViewController.m; sourceTree = "<group>"; };
		C8E899A71357214C008EB40A /* DetailViewController.xib */ = {isa = PBXFileReference; fileEncoding = 4; lastKnownFileType = file.xib; path = DetailViewController.xib; sourceTree = "<group>"; };
/* End PBXFileReference section */

/* Begin PBXFrameworksBuildPhase section */
		C8E8997713570AC0008EB40A /* Frameworks */ = {
			isa = PBXFrameworksBuildPhase;
			buildActionMask = 2147483647;
			files = (
				C8E8997F13570AC0008EB40A /* UIKit.framework in Frameworks */,
				C8E8998113570AC0008EB40A /* Foundation.framework in Frameworks */,
				C8E8998313570AC0008EB40A /* CoreGraphics.framework in Frameworks */,
			);
			runOnlyForDeploymentPostprocessing = 0;
		};
/* End PBXFrameworksBuildPhase section */

/* Begin PBXGroup section */
		C84C15B1135881AC009345B2 /* Flags */ = {
			isa = PBXGroup;
			children = (
				C84C15C41358854B009345B2 /* United States.png */,
				C84C15C213588544009345B2 /* India.png */,
				C84C15B2135881AC009345B2 /* Greece.png */,
				C84C15B3135881AC009345B2 /* Greenland.png */,
				C84C15B4135881AC009345B2 /* Iceland.png */,
				C84C15B5135881AC009345B2 /* Ireland.png */,
				C84C15B6135881AC009345B2 /* Italy.png */,
				C84C15B7135881AC009345B2 /* New Zealand.png */,
				C84C15B8135881AC009345B2 /* Norway.png */,
				C84C15B9135881AC009345B2 /* Switzerland.png */,
			);
			path = Flags;
			sourceTree = "<group>";
		};
		C8E8996F13570AC0008EB40A = {
			isa = PBXGroup;
			children = (
				C8E8998413570AC0008EB40A /* TableView */,
				C8E8997D13570AC0008EB40A /* Frameworks */,
				C8E8997B13570AC0008EB40A /* Products */,
			);
			sourceTree = "<group>";
		};
		C8E8997B13570AC0008EB40A /* Products */ = {
			isa = PBXGroup;
			children = (
				C8E8997A13570AC0008EB40A /* TableView.app */,
			);
			name = Products;
			sourceTree = "<group>";
		};
		C8E8997D13570AC0008EB40A /* Frameworks */ = {
			isa = PBXGroup;
			children = (
				C8E8997E13570AC0008EB40A /* UIKit.framework */,
				C8E8998013570AC0008EB40A /* Foundation.framework */,
				C8E8998213570AC0008EB40A /* CoreGraphics.framework */,
			);
			name = Frameworks;
			sourceTree = "<group>";
		};
		C8E8998413570AC0008EB40A /* TableView */ = {
			isa = PBXGroup;
			children = (
				C8E8998D13570AC0008EB40A /* TableViewAppDelegate.h */,
				C8E8998E13570AC0008EB40A /* TableViewAppDelegate.m */,
				C8E8999013570AC0008EB40A /* MainWindow.xib */,
				C8E8999313570AC0008EB40A /* RootViewController.h */,
				C8E8999413570AC0008EB40A /* RootViewController.m */,
				C84C15B1135881AC009345B2 /* Flags */,
				C84C15AC13586B71009345B2 /* OverlayViewController.h */,
				C84C15AD13586B71009345B2 /* OverlayViewController.m */,
				C84C15AE13586B71009345B2 /* OverlayViewController.xib */,
				C8E8999613570AC0008EB40A /* RootViewController.xib */,
				C8E899A51357214C008EB40A /* DetailViewController.h */,
				C8E899A61357214C008EB40A /* DetailViewController.m */,
				C8E899A71357214C008EB40A /* DetailViewController.xib */,
				C8E8998513570AC0008EB40A /* Supporting Files */,
			);
			path = TableView;
			sourceTree = "<group>";
		};
		C8E8998513570AC0008EB40A /* Supporting Files */ = {
			isa = PBXGroup;
			children = (
				C8E8998613570AC0008EB40A /* TableView-Info.plist */,
				C8E8998713570AC0008EB40A /* InfoPlist.strings */,
				C8E8998A13570AC0008EB40A /* TableView-Prefix.pch */,
				C8E8998B13570AC0008EB40A /* main.m */,
			);
			name = "Supporting Files";
			sourceTree = "<group>";
		};
/* End PBXGroup section */

/* Begin PBXNativeTarget section */
		C8E8997913570AC0008EB40A /* TableView */ = {
			isa = PBXNativeTarget;
			buildConfigurationList = C8E8999B13570AC0008EB40A /* Build configuration list for PBXNativeTarget "TableView" */;
			buildPhases = (
				C8E8997613570AC0008EB40A /* Sources */,
				C8E8997713570AC0008EB40A /* Frameworks */,
				C8E8997813570AC0008EB40A /* Resources */,
			);
			buildRules = (
			);
			dependencies = (
			);
			name = TableView;
			productName = TableView;
			productReference = C8E8997A13570AC0008EB40A /* TableView.app */;
			productType = "com.apple.product-type.application";
		};
/* End PBXNativeTarget section */

/* Begin PBXProject section */
		C8E8997113570AC0008EB40A /* Project object */ = {
			isa = PBXProject;
			buildConfigurationList = C8E8997413570AC0008EB40A /* Build configuration list for PBXProject "TableView" */;
			compatibilityVersion = "Xcode 3.2";
			developmentRegion = English;
			hasScannedForEncodings = 0;
			knownRegions = (
				en,
			);
			mainGroup = C8E8996F13570AC0008EB40A;
			productRefGroup = C8E8997B13570AC0008EB40A /* Products */;
			projectDirPath = "";
			projectRoot = "";
			targets = (
				C8E8997913570AC0008EB40A /* TableView */,
			);
		};
/* End PBXProject section */

/* Begin PBXResourcesBuildPhase section */
		C8E8997813570AC0008EB40A /* Resources */ = {
			isa = PBXResourcesBuildPhase;
			buildActionMask = 2147483647;
			files = (
				C8E8998913570AC0008EB40A /* InfoPlist.strings in Resources */,
				C8E8999213570AC0008EB40A /* MainWindow.xib in Resources */,
				C8E8999813570AC0008EB40A /* RootViewController.xib in Resources */,
				C8E899A91357214C008EB40A /* DetailViewController.xib in Resources */,
				C84C15B013586B71009345B2 /* OverlayViewController.xib in Resources */,
				C84C15BA135881AC009345B2 /* Greece.png in Resources */,
				C84C15BB135881AC009345B2 /* Greenland.png in Resources */,
				C84C15BC135881AC009345B2 /* Iceland.png in Resources */,
				C84C15BD135881AC009345B2 /* Ireland.png in Resources */,
				C84C15BE135881AC009345B2 /* Italy.png in Resources */,
				C84C15BF135881AC009345B2 /* New Zealand.png in Resources */,
				C84C15C0135881AC009345B2 /* Norway.png in Resources */,
				C84C15C1135881AC009345B2 /* Switzerland.png in Resources */,
				C84C15C313588544009345B2 /* India.png in Resources */,
				C84C15C51358854B009345B2 /* United States.png in Resources */,
			);
			runOnlyForDeploymentPostprocessing = 0;
		};
/* End PBXResourcesBuildPhase section */

/* Begin PBXSourcesBuildPhase section */
		C8E8997613570AC0008EB40A /* Sources */ = {
			isa = PBXSourcesBuildPhase;
			buildActionMask = 2147483647;
			files = (
				C8E8998C13570AC0008EB40A /* main.m in Sources */,
				C8E8998F13570AC0008EB40A /* TableViewAppDelegate.m in Sources */,
				C8E8999513570AC0008EB40A /* RootViewController.m in Sources */,
				C8E899A81357214C008EB40A /* DetailViewController.m in Sources */,
				C84C15AF13586B71009345B2 /* OverlayViewController.m in Sources */,
			);
			runOnlyForDeploymentPostprocessing = 0;
		};
/* End PBXSourcesBuildPhase section */

/* Begin PBXVariantGroup section */
		C8E8998713570AC0008EB40A /* InfoPlist.strings */ = {
			isa = PBXVariantGroup;
			children = (
				C8E8998813570AC0008EB40A /* en */,
			);
			name = InfoPlist.strings;
			sourceTree = "<group>";
		};
		C8E8999013570AC0008EB40A /* MainWindow.xib */ = {
			isa = PBXVariantGroup;
			children = (
				C8E8999113570AC0008EB40A /* en */,
			);
			name = MainWindow.xib;
			sourceTree = "<group>";
		};
		C8E8999613570AC0008EB40A /* RootViewController.xib */ = {
			isa = PBXVariantGroup;
			children = (
				C8E8999713570AC0008EB40A /* en */,
			);
			name = RootViewController.xib;
			sourceTree = "<group>";
		};
/* End PBXVariantGroup section */

/* Begin XCBuildConfiguration section */
		C8E8999913570AC0008EB40A /* Debug */ = {
			isa = XCBuildConfiguration;
			buildSettings = {
				ARCHS = "$(ARCHS_STANDARD_32_BIT)";
				"CODE_SIGN_IDENTITY[sdk=iphoneos*]" = "iPhone Developer";
				GCC_C_LANGUAGE_STANDARD = gnu99;
				GCC_OPTIMIZATION_LEVEL = 0;
				GCC_PREPROCESSOR_DEFINITIONS = DEBUG;
				GCC_SYMBOLS_PRIVATE_EXTERN = NO;
				GCC_VERSION = com.apple.compilers.llvmgcc42;
				GCC_WARN_ABOUT_RETURN_TYPE = YES;
				GCC_WARN_UNUSED_VARIABLE = YES;
				IPHONEOS_DEPLOYMENT_TARGET = 4.3;
				SDKROOT = iphoneos;
			};
			name = Debug;
		};
		C8E8999A13570AC0008EB40A /* Release */ = {
			isa = XCBuildConfiguration;
			buildSettings = {
				ARCHS = "$(ARCHS_STANDARD_32_BIT)";
				"CODE_SIGN_IDENTITY[sdk=iphoneos*]" = "iPhone Developer";
				GCC_C_LANGUAGE_STANDARD = gnu99;
				GCC_VERSION = com.apple.compilers.llvmgcc42;
				GCC_WARN_ABOUT_RETURN_TYPE = YES;
				GCC_WARN_UNUSED_VARIABLE = YES;
				IPHONEOS_DEPLOYMENT_TARGET = 4.3;
				OTHER_CFLAGS = "-DNS_BLOCK_ASSERTIONS=1";
				SDKROOT = iphoneos;
			};
			name = Release;
		};
		C8E8999C13570AC0008EB40A /* Debug */ = {
			isa = XCBuildConfiguration;
			buildSettings = {
				ALWAYS_SEARCH_USER_PATHS = NO;
				COPY_PHASE_STRIP = NO;
				GCC_DYNAMIC_NO_PIC = NO;
				GCC_PRECOMPILE_PREFIX_HEADER = YES;
				GCC_PREFIX_HEADER = "TableView/TableView-Prefix.pch";
				INFOPLIST_FILE = "TableView/TableView-Info.plist";
				PRODUCT_NAME = "$(TARGET_NAME)";
				WRAPPER_EXTENSION = app;
			};
			name = Debug;
		};
		C8E8999D13570AC0008EB40A /* Release */ = {
			isa = XCBuildConfiguration;
			buildSettings = {
				ALWAYS_SEARCH_USER_PATHS = NO;
				COPY_PHASE_STRIP = YES;
				GCC_PRECOMPILE_PREFIX_HEADER = YES;
				GCC_PREFIX_HEADER = "TableView/TableView-Prefix.pch";
				INFOPLIST_FILE = "TableView/TableView-Info.plist";
				PRODUCT_NAME = "$(TARGET_NAME)";
				VALIDATE_PRODUCT = YES;
				WRAPPER_EXTENSION = app;
			};
			name = Release;
		};
/* End XCBuildConfiguration section */

/* Begin XCConfigurationList section */
		C8E8997413570AC0008EB40A /* Build configuration list for PBXProject "TableView" */ = {
			isa = XCConfigurationList;
			buildConfigurations = (
				C8E8999913570AC0008EB40A /* Debug */,
				C8E8999A13570AC0008EB40A /* Release */,
			);
			defaultConfigurationIsVisible = 0;
			defaultConfigurationName = Release;
		};
		C8E8999B13570AC0008EB40A /* Build configuration list for PBXNativeTarget "TableView" */ = {
			isa = XCConfigurationList;
			buildConfigurations = (
				C8E8999C13570AC0008EB40A /* Debug */,
				C8E8999D13570AC0008EB40A /* Release */,
			);
			defaultConfigurationIsVisible = 0;
			defaultConfigurationName = Release;
		};
/* End XCConfigurationList section */
	};
	rootObject = C8E8997113570AC0008EB40A /* Project object */;
}
